
Microsoft Visual Studio Solution File, Format Version 12.00
# Visual Studio Version 17
VisualStudioVersion = 17.11.35327.3
MinimumVisualStudioVersion = 10.0.40219.1
Project("{FAE04EC0-301F-11D3-BF4B-00C04F79EFBC}") = "LibraryAPI", "LibraryAPI.csproj", "{2E4B259E-2DBB-426C-B3F9-7A4EEA922631}"
EndProject
Global
	GlobalSection(SolutionConfigurationPlatforms) = preSolution
		Debug|Any CPU = Debug|Any CPU
		Release|Any CPU = Release|Any CPU
	EndGlobalSection
	GlobalSection(ProjectConfigurationPlatforms) = postSolution
		{2E4B259E-2DBB-426C-B3F9-7A4EEA922631}.Debug|Any CPU.ActiveCfg = Debug|Any CPU
		{2E4B259E-2DBB-426C-B3F9-7A4EEA922631}.Debug|Any CPU.Build.0 = Debug|Any CPU
		{2E4B259E-2DBB-426C-B3F9-7A4EEA922631}.Release|Any CPU.ActiveCfg = Release|Any CPU
		{2E4B259E-2DBB-426C-B3F9-7A4EEA922631}.Release|Any CPU.Build.0 = Release|Any CPU
	EndGlobalSection
	GlobalSection(SolutionProperties) = preSolution
		HideSolutionNode = FALSE
	EndGlobalSection
	GlobalSection(ExtensibilityGlobals) = postSolution
		SolutionGuid = {EF3D3200-FFDE-4F58-A6C8-5FCDA7A75784}
	EndGlobalSection
EndGlobal
